
Microsoft Visual Studio Solution File, Format Version 12.00
# Visual Studio Version 17
VisualStudioVersion = 17.11.35312.102
MinimumVisualStudioVersion = 10.0.40219.1
Project("{9A19103F-16F7-4668-BE54-9A1E7A4F7556}") = "ConsoleApp5", "ConsoleApp5\ConsoleApp5.csproj", "{824AA11F-C1A2-4A70-B2AD-41CD996B82D1}"
EndProject
Project("{FAE04EC0-301F-11D3-BF4B-00C04F79EFBC}") = "TestProject1", "TestProject1\TestProject1.csproj", "{1B88E5D2-1C74-4725-A4CB-41588F636255}"
EndProject
Global
	GlobalSection(SolutionConfigurationPlatforms) = preSolution
		Debug|Any CPU = Debug|Any CPU
		Release|Any CPU = Release|Any CPU
	EndGlobalSection
	GlobalSection(ProjectConfigurationPlatforms) = postSolution
		{824AA11F-C1A2-4A70-B2AD-41CD996B82D1}.Debug|Any CPU.ActiveCfg = Debug|Any CPU
		{824AA11F-C1A2-4A70-B2AD-41CD996B82D1}.Debug|Any CPU.Build.0 = Debug|Any CPU
		{824AA11F-C1A2-4A70-B2AD-41CD996B82D1}.Release|Any CPU.ActiveCfg = Release|Any CPU
		{824AA11F-C1A2-4A70-B2AD-41CD996B82D1}.Release|Any CPU.Build.0 = Release|Any CPU
		{1B88E5D2-1C74-4725-A4CB-41588F636255}.Debug|Any CPU.ActiveCfg = Debug|Any CPU
		{1B88E5D2-1C74-4725-A4CB-41588F636255}.Debug|Any CPU.Build.0 = Debug|Any CPU
		{1B88E5D2-1C74-4725-A4CB-41588F636255}.Release|Any CPU.ActiveCfg = Release|Any CPU
		{1B88E5D2-1C74-4725-A4CB-41588F636255}.Release|Any CPU.Build.0 = Release|Any CPU
	EndGlobalSection
	GlobalSection(SolutionProperties) = preSolution
		HideSolutionNode = FALSE
	EndGlobalSection
	GlobalSection(ExtensibilityGlobals) = postSolution
		SolutionGuid = {7E83FC4D-89A6-4015-A3E1-125A56D2A8FF}
	EndGlobalSection
EndGlobal
